// !$*UTF8*$!
{
	archiveVersion = 1;
	classes = {
	};
	objectVersion = 56;
	objects = {

/* Begin PBXBuildFile section */
		975484022AF277B100A09B11 /* AddTodoItemView.swift in Sources */ = {isa = PBXBuildFile; fileRef = 975484012AF277B100A09B11 /* AddTodoItemView.swift */; };
		975484042AF2787500A09B11 /* WidgetKeyboard.swift in Sources */ = {isa = PBXBuildFile; fileRef = 975484032AF2787500A09B11 /* WidgetKeyboard.swift */; };
		975484062AF27A2900A09B11 /* KeyboardLetterKey.swift in Sources */ = {isa = PBXBuildFile; fileRef = 975484052AF27A2900A09B11 /* KeyboardLetterKey.swift */; };
		975484072AF27A2900A09B11 /* KeyboardLetterKey.swift in Sources */ = {isa = PBXBuildFile; fileRef = 975484052AF27A2900A09B11 /* KeyboardLetterKey.swift */; };
		9754840C2AF2FE9E00A09B11 /* CapsLockKey.swift in Sources */ = {isa = PBXBuildFile; fileRef = 9754840B2AF2FE9E00A09B11 /* CapsLockKey.swift */; };
		9754840D2AF43D3A00A09B11 /* CapsLockKey.swift in Sources */ = {isa = PBXBuildFile; fileRef = 9754840B2AF2FE9E00A09B11 /* CapsLockKey.swift */; };
		975484102AF445F100A09B11 /* Color+Extensions.swift in Sources */ = {isa = PBXBuildFile; fileRef = 9754840E2AF445F100A09B11 /* Color+Extensions.swift */; };
		975484122AF4494300A09B11 /* Assets.xcassets in Resources */ = {isa = PBXBuildFile; fileRef = 979E23C12AF1290F003559D2 /* Assets.xcassets */; };
		975484142AF44B6100A09B11 /* DeleteKey.swift in Sources */ = {isa = PBXBuildFile; fileRef = 975484132AF44B6100A09B11 /* DeleteKey.swift */; };
		975484152AF44B6A00A09B11 /* DeleteKey.swift in Sources */ = {isa = PBXBuildFile; fileRef = 975484132AF44B6100A09B11 /* DeleteKey.swift */; };
		975484172AF44DC400A09B11 /* NumberModeKey.swift in Sources */ = {isa = PBXBuildFile; fileRef = 975484162AF44DC400A09B11 /* NumberModeKey.swift */; };
		975484182AF44DC900A09B11 /* NumberModeKey.swift in Sources */ = {isa = PBXBuildFile; fileRef = 975484162AF44DC400A09B11 /* NumberModeKey.swift */; };
		9754841A2AF44EFF00A09B11 /* EmojiModeKey.swift in Sources */ = {isa = PBXBuildFile; fileRef = 975484192AF44EFF00A09B11 /* EmojiModeKey.swift */; };
		9754841B2AF44EFF00A09B11 /* EmojiModeKey.swift in Sources */ = {isa = PBXBuildFile; fileRef = 975484192AF44EFF00A09B11 /* EmojiModeKey.swift */; };
		9754841D2AF4529300A09B11 /* SpaceKey.swift in Sources */ = {isa = PBXBuildFile; fileRef = 9754841C2AF4529300A09B11 /* SpaceKey.swift */; };
		9754841E2AF4529300A09B11 /* SpaceKey.swift in Sources */ = {isa = PBXBuildFile; fileRef = 9754841C2AF4529300A09B11 /* SpaceKey.swift */; };
		975484202AF455DE00A09B11 /* DoneKey.swift in Sources */ = {isa = PBXBuildFile; fileRef = 9754841F2AF455DE00A09B11 /* DoneKey.swift */; };
		975484212AF455DE00A09B11 /* DoneKey.swift in Sources */ = {isa = PBXBuildFile; fileRef = 9754841F2AF455DE00A09B11 /* DoneKey.swift */; };
		975484262AF45A0B00A09B11 /* UserDefaultsStore.swift in Sources */ = {isa = PBXBuildFile; fileRef = 975484252AF45A0B00A09B11 /* UserDefaultsStore.swift */; };
		975484272AF45A0B00A09B11 /* UserDefaultsStore.swift in Sources */ = {isa = PBXBuildFile; fileRef = 975484252AF45A0B00A09B11 /* UserDefaultsStore.swift */; };
		975484292AF45D4400A09B11 /* KeyboardInputMode.swift in Sources */ = {isa = PBXBuildFile; fileRef = 975484282AF45D4400A09B11 /* KeyboardInputMode.swift */; };
		9754842A2AF45D4400A09B11 /* KeyboardInputMode.swift in Sources */ = {isa = PBXBuildFile; fileRef = 975484282AF45D4400A09B11 /* KeyboardInputMode.swift */; };
		975484322AF45E6D00A09B11 /* UserDefaultsStoreTests.swift in Sources */ = {isa = PBXBuildFile; fileRef = 975484312AF45E6D00A09B11 /* UserDefaultsStoreTests.swift */; };
		975484392AF4614700A09B11 /* KeyboardInputManager.swift in Sources */ = {isa = PBXBuildFile; fileRef = 975484382AF4614700A09B11 /* KeyboardInputManager.swift */; };
		9754843A2AF4614700A09B11 /* KeyboardInputManager.swift in Sources */ = {isa = PBXBuildFile; fileRef = 975484382AF4614700A09B11 /* KeyboardInputManager.swift */; };
		9754843D2AF466A800A09B11 /* KeyboardOverlayBackgroundView.swift in Sources */ = {isa = PBXBuildFile; fileRef = 9754843C2AF466A800A09B11 /* KeyboardOverlayBackgroundView.swift */; };
		975484402AF4D32200A09B11 /* InputForm.swift in Sources */ = {isa = PBXBuildFile; fileRef = 9754843F2AF4D32200A09B11 /* InputForm.swift */; };
		975484412AF4D34200A09B11 /* InputForm.swift in Sources */ = {isa = PBXBuildFile; fileRef = 9754843F2AF4D32200A09B11 /* InputForm.swift */; };
		975484432AF4DDEA00A09B11 /* CloseButton.swift in Sources */ = {isa = PBXBuildFile; fileRef = 975484422AF4DDEA00A09B11 /* CloseButton.swift */; };
		975484442AF4DE1700A09B11 /* CloseButton.swift in Sources */ = {isa = PBXBuildFile; fileRef = 975484422AF4DDEA00A09B11 /* CloseButton.swift */; };
		975484452AF4DEB600A09B11 /* WidgetConfig.swift in Sources */ = {isa = PBXBuildFile; fileRef = 979E23E22AF1A7A1003559D2 /* WidgetConfig.swift */; };
		975484472AF5233900A09B11 /* ScreenManager.swift in Sources */ = {isa = PBXBuildFile; fileRef = 975484462AF5233900A09B11 /* ScreenManager.swift */; };
		975484482AF5299200A09B11 /* ScreenManager.swift in Sources */ = {isa = PBXBuildFile; fileRef = 975484462AF5233900A09B11 /* ScreenManager.swift */; };
		9754844A2AF52D1500A09B11 /* ScreenType.swift in Sources */ = {isa = PBXBuildFile; fileRef = 975484492AF52D1500A09B11 /* ScreenType.swift */; };
		9754844B2AF52D2600A09B11 /* ScreenType.swift in Sources */ = {isa = PBXBuildFile; fileRef = 975484492AF52D1500A09B11 /* ScreenType.swift */; };
		9754844D2AF53F2B00A09B11 /* TodoListRow.swift in Sources */ = {isa = PBXBuildFile; fileRef = 9754844C2AF53F2B00A09B11 /* TodoListRow.swift */; };
		975484502AF5A91700A09B11 /* TodoCompleteButton.swift in Sources */ = {isa = PBXBuildFile; fileRef = 9754844F2AF5A91700A09B11 /* TodoCompleteButton.swift */; };
		975484522AF8434600A09B11 /* WidgetBackgroundView.swift in Sources */ = {isa = PBXBuildFile; fileRef = 975484512AF8434600A09B11 /* WidgetBackgroundView.swift */; };
		975484542AF844B500A09B11 /* Line.swift in Sources */ = {isa = PBXBuildFile; fileRef = 975484532AF844B500A09B11 /* Line.swift */; };
		975484572AF8E0AE00A09B11 /* LinerGradient+Extensions.swift in Sources */ = {isa = PBXBuildFile; fileRef = 975484562AF8E0AE00A09B11 /* LinerGradient+Extensions.swift */; };
		979E23A32AF12679003559D2 /* UltimateWidgetTodoApp.swift in Sources */ = {isa = PBXBuildFile; fileRef = 979E23A22AF12679003559D2 /* UltimateWidgetTodoApp.swift */; };
		979E23A52AF12679003559D2 /* ContentView.swift in Sources */ = {isa = PBXBuildFile; fileRef = 979E23A42AF12679003559D2 /* ContentView.swift */; };
		979E23AC2AF1267A003559D2 /* Preview Assets.xcassets in Resources */ = {isa = PBXBuildFile; fileRef = 979E23AB2AF1267A003559D2 /* Preview Assets.xcassets */; };
		979E23B92AF1290D003559D2 /* WidgetKit.framework in Frameworks */ = {isa = PBXBuildFile; fileRef = 979E23B82AF1290D003559D2 /* WidgetKit.framework */; };
		979E23BB2AF1290D003559D2 /* SwiftUI.framework in Frameworks */ = {isa = PBXBuildFile; fileRef = 979E23BA2AF1290D003559D2 /* SwiftUI.framework */; };
		979E23BE2AF1290D003559D2 /* UltimateWidgetTodoWidgetBundle.swift in Sources */ = {isa = PBXBuildFile; fileRef = 979E23BD2AF1290D003559D2 /* UltimateWidgetTodoWidgetBundle.swift */; };
		979E23C02AF1290D003559D2 /* UltimateWidgetTodoWidget.swift in Sources */ = {isa = PBXBuildFile; fileRef = 979E23BF2AF1290D003559D2 /* UltimateWidgetTodoWidget.swift */; };
		979E23C22AF1290F003559D2 /* Assets.xcassets in Resources */ = {isa = PBXBuildFile; fileRef = 979E23C12AF1290F003559D2 /* Assets.xcassets */; };
		979E23C62AF1290F003559D2 /* UltimateWidgetTodoWidgetExtension.appex in Embed Foundation Extensions */ = {isa = PBXBuildFile; fileRef = 979E23B62AF1290C003559D2 /* UltimateWidgetTodoWidgetExtension.appex */; settings = {ATTRIBUTES = (RemoveHeadersOnCopy, ); }; };
		979E23CC2AF1296E003559D2 /* TodoTaskProvider.swift in Sources */ = {isa = PBXBuildFile; fileRef = 979E23CB2AF1296E003559D2 /* TodoTaskProvider.swift */; };
		979E23CE2AF129FB003559D2 /* TodoItemEntry.swift in Sources */ = {isa = PBXBuildFile; fileRef = 979E23CD2AF129FB003559D2 /* TodoItemEntry.swift */; };
		979E23D52AF12DEA003559D2 /* SwiftDataStore.swift in Sources */ = {isa = PBXBuildFile; fileRef = 979E23D42AF12DEA003559D2 /* SwiftDataStore.swift */; };
		979E23D62AF12FCB003559D2 /* TodoItem.swift in Sources */ = {isa = PBXBuildFile; fileRef = 979E23A62AF12679003559D2 /* TodoItem.swift */; };
		979E23D92AF14281003559D2 /* MainView.swift in Sources */ = {isa = PBXBuildFile; fileRef = 979E23CF2AF12B22003559D2 /* MainView.swift */; };
		979E23DB2AF1450D003559D2 /* SwiftDataStore.swift in Sources */ = {isa = PBXBuildFile; fileRef = 979E23D42AF12DEA003559D2 /* SwiftDataStore.swift */; };
		979E23DC2AF14510003559D2 /* TodoItem.swift in Sources */ = {isa = PBXBuildFile; fileRef = 979E23A62AF12679003559D2 /* TodoItem.swift */; };
		979E23E42AF1A7B1003559D2 /* WidgetConfig.swift in Sources */ = {isa = PBXBuildFile; fileRef = 979E23E22AF1A7A1003559D2 /* WidgetConfig.swift */; };
		979E23E82AF1BBBA003559D2 /* AddTodoItemButton.swift in Sources */ = {isa = PBXBuildFile; fileRef = 979E23E62AF1BBB7003559D2 /* AddTodoItemButton.swift */; };
/* End PBXBuildFile section */

/* Begin PBXContainerItemProxy section */
		975484332AF45E6D00A09B11 /* PBXContainerItemProxy */ = {
			isa = PBXContainerItemProxy;
			containerPortal = 979E23972AF12679003559D2 /* Project object */;
			proxyType = 1;
			remoteGlobalIDString = 979E239E2AF12679003559D2;
			remoteInfo = UltimateWidgetTodo;
		};
		979E23C42AF1290F003559D2 /* PBXContainerItemProxy */ = {
			isa = PBXContainerItemProxy;
			containerPortal = 979E23972AF12679003559D2 /* Project object */;
			proxyType = 1;
			remoteGlobalIDString = 979E23B52AF1290C003559D2;
			remoteInfo = UltimateWidgetTodoWidgetExtension;
		};
/* End PBXContainerItemProxy section */

/* Begin PBXCopyFilesBuildPhase section */
		979E23CA2AF1290F003559D2 /* Embed Foundation Extensions */ = {
			isa = PBXCopyFilesBuildPhase;
			buildActionMask = 2147483647;
			dstPath = "";
			dstSubfolderSpec = 13;
			files = (
				979E23C62AF1290F003559D2 /* UltimateWidgetTodoWidgetExtension.appex in Embed Foundation Extensions */,
			);
			name = "Embed Foundation Extensions";
			runOnlyForDeploymentPostprocessing = 0;
		};
/* End PBXCopyFilesBuildPhase section */

/* Begin PBXFileReference section */
		975484012AF277B100A09B11 /* AddTodoItemView.swift */ = {isa = PBXFileReference; lastKnownFileType = sourcecode.swift; path = AddTodoItemView.swift; sourceTree = "<group>"; };
		975484032AF2787500A09B11 /* WidgetKeyboard.swift */ = {isa = PBXFileReference; lastKnownFileType = sourcecode.swift; path = WidgetKeyboard.swift; sourceTree = "<group>"; };
		975484052AF27A2900A09B11 /* KeyboardLetterKey.swift */ = {isa = PBXFileReference; lastKnownFileType = sourcecode.swift; path = KeyboardLetterKey.swift; sourceTree = "<group>"; };
		9754840B2AF2FE9E00A09B11 /* CapsLockKey.swift */ = {isa = PBXFileReference; lastKnownFileType = sourcecode.swift; path = CapsLockKey.swift; sourceTree = "<group>"; };
		9754840E2AF445F100A09B11 /* Color+Extensions.swift */ = {isa = PBXFileReference; lastKnownFileType = sourcecode.swift; path = "Color+Extensions.swift"; sourceTree = "<group>"; };
		975484132AF44B6100A09B11 /* DeleteKey.swift */ = {isa = PBXFileReference; lastKnownFileType = sourcecode.swift; path = DeleteKey.swift; sourceTree = "<group>"; };
		975484162AF44DC400A09B11 /* NumberModeKey.swift */ = {isa = PBXFileReference; lastKnownFileType = sourcecode.swift; path = NumberModeKey.swift; sourceTree = "<group>"; };
		975484192AF44EFF00A09B11 /* EmojiModeKey.swift */ = {isa = PBXFileReference; lastKnownFileType = sourcecode.swift; path = EmojiModeKey.swift; sourceTree = "<group>"; };
		9754841C2AF4529300A09B11 /* SpaceKey.swift */ = {isa = PBXFileReference; lastKnownFileType = sourcecode.swift; path = SpaceKey.swift; sourceTree = "<group>"; };
		9754841F2AF455DE00A09B11 /* DoneKey.swift */ = {isa = PBXFileReference; lastKnownFileType = sourcecode.swift; path = DoneKey.swift; sourceTree = "<group>"; };
		975484252AF45A0B00A09B11 /* UserDefaultsStore.swift */ = {isa = PBXFileReference; lastKnownFileType = sourcecode.swift; path = UserDefaultsStore.swift; sourceTree = "<group>"; };
		975484282AF45D4400A09B11 /* KeyboardInputMode.swift */ = {isa = PBXFileReference; lastKnownFileType = sourcecode.swift; path = KeyboardInputMode.swift; sourceTree = "<group>"; };
		9754842F2AF45E6D00A09B11 /* UltimateWidgetTodoTests.xctest */ = {isa = PBXFileReference; explicitFileType = wrapper.cfbundle; includeInIndex = 0; path = UltimateWidgetTodoTests.xctest; sourceTree = BUILT_PRODUCTS_DIR; };
		975484312AF45E6D00A09B11 /* UserDefaultsStoreTests.swift */ = {isa = PBXFileReference; lastKnownFileType = sourcecode.swift; path = UserDefaultsStoreTests.swift; sourceTree = "<group>"; };
		975484382AF4614700A09B11 /* KeyboardInputManager.swift */ = {isa = PBXFileReference; lastKnownFileType = sourcecode.swift; path = KeyboardInputManager.swift; sourceTree = "<group>"; };
		9754843C2AF466A800A09B11 /* KeyboardOverlayBackgroundView.swift */ = {isa = PBXFileReference; lastKnownFileType = sourcecode.swift; path = KeyboardOverlayBackgroundView.swift; sourceTree = "<group>"; };
		9754843F2AF4D32200A09B11 /* InputForm.swift */ = {isa = PBXFileReference; lastKnownFileType = sourcecode.swift; path = InputForm.swift; sourceTree = "<group>"; };
		975484422AF4DDEA00A09B11 /* CloseButton.swift */ = {isa = PBXFileReference; lastKnownFileType = sourcecode.swift; path = CloseButton.swift; sourceTree = "<group>"; };
		975484462AF5233900A09B11 /* ScreenManager.swift */ = {isa = PBXFileReference; lastKnownFileType = sourcecode.swift; path = ScreenManager.swift; sourceTree = "<group>"; };
		975484492AF52D1500A09B11 /* ScreenType.swift */ = {isa = PBXFileReference; lastKnownFileType = sourcecode.swift; path = ScreenType.swift; sourceTree = "<group>"; };
		9754844C2AF53F2B00A09B11 /* TodoListRow.swift */ = {isa = PBXFileReference; lastKnownFileType = sourcecode.swift; path = TodoListRow.swift; sourceTree = "<group>"; };
		9754844F2AF5A91700A09B11 /* TodoCompleteButton.swift */ = {isa = PBXFileReference; lastKnownFileType = sourcecode.swift; path = TodoCompleteButton.swift; sourceTree = "<group>"; };
		975484512AF8434600A09B11 /* WidgetBackgroundView.swift */ = {isa = PBXFileReference; lastKnownFileType = sourcecode.swift; path = WidgetBackgroundView.swift; sourceTree = "<group>"; };
		975484532AF844B500A09B11 /* Line.swift */ = {isa = PBXFileReference; lastKnownFileType = sourcecode.swift; path = Line.swift; sourceTree = "<group>"; };
		975484562AF8E0AE00A09B11 /* LinerGradient+Extensions.swift */ = {isa = PBXFileReference; lastKnownFileType = sourcecode.swift; path = "LinerGradient+Extensions.swift"; sourceTree = "<group>"; };
		979E239F2AF12679003559D2 /* UltimateWidgetTodo.app */ = {isa = PBXFileReference; explicitFileType = wrapper.application; includeInIndex = 0; path = UltimateWidgetTodo.app; sourceTree = BUILT_PRODUCTS_DIR; };
		979E23A22AF12679003559D2 /* UltimateWidgetTodoApp.swift */ = {isa = PBXFileReference; lastKnownFileType = sourcecode.swift; path = UltimateWidgetTodoApp.swift; sourceTree = "<group>"; };
		979E23A42AF12679003559D2 /* ContentView.swift */ = {isa = PBXFileReference; lastKnownFileType = sourcecode.swift; path = ContentView.swift; sourceTree = "<group>"; };
		979E23A62AF12679003559D2 /* TodoItem.swift */ = {isa = PBXFileReference; lastKnownFileType = sourcecode.swift; path = TodoItem.swift; sourceTree = "<group>"; };
		979E23AB2AF1267A003559D2 /* Preview Assets.xcassets */ = {isa = PBXFileReference; lastKnownFileType = folder.assetcatalog; path = "Preview Assets.xcassets"; sourceTree = "<group>"; };
		979E23B62AF1290C003559D2 /* UltimateWidgetTodoWidgetExtension.appex */ = {isa = PBXFileReference; explicitFileType = "wrapper.app-extension"; includeInIndex = 0; path = UltimateWidgetTodoWidgetExtension.appex; sourceTree = BUILT_PRODUCTS_DIR; };
		979E23B82AF1290D003559D2 /* WidgetKit.framework */ = {isa = PBXFileReference; lastKnownFileType = wrapper.framework; name = WidgetKit.framework; path = System/Library/Frameworks/WidgetKit.framework; sourceTree = SDKROOT; };
		979E23BA2AF1290D003559D2 /* SwiftUI.framework */ = {isa = PBXFileReference; lastKnownFileType = wrapper.framework; name = SwiftUI.framework; path = System/Library/Frameworks/SwiftUI.framework; sourceTree = SDKROOT; };
		979E23BD2AF1290D003559D2 /* UltimateWidgetTodoWidgetBundle.swift */ = {isa = PBXFileReference; lastKnownFileType = sourcecode.swift; path = UltimateWidgetTodoWidgetBundle.swift; sourceTree = "<group>"; };
		979E23BF2AF1290D003559D2 /* UltimateWidgetTodoWidget.swift */ = {isa = PBXFileReference; lastKnownFileType = sourcecode.swift; path = UltimateWidgetTodoWidget.swift; sourceTree = "<group>"; };
		979E23C12AF1290F003559D2 /* Assets.xcassets */ = {isa = PBXFileReference; lastKnownFileType = folder.assetcatalog; path = Assets.xcassets; sourceTree = "<group>"; };
		979E23C32AF1290F003559D2 /* Info.plist */ = {isa = PBXFileReference; lastKnownFileType = text.plist.xml; path = Info.plist; sourceTree = "<group>"; };
		979E23CB2AF1296E003559D2 /* TodoTaskProvider.swift */ = {isa = PBXFileReference; lastKnownFileType = sourcecode.swift; path = TodoTaskProvider.swift; sourceTree = "<group>"; };
		979E23CD2AF129FB003559D2 /* TodoItemEntry.swift */ = {isa = PBXFileReference; lastKnownFileType = sourcecode.swift; path = TodoItemEntry.swift; sourceTree = "<group>"; };
		979E23CF2AF12B22003559D2 /* MainView.swift */ = {isa = PBXFileReference; lastKnownFileType = sourcecode.swift; path = MainView.swift; sourceTree = "<group>"; };
		979E23D42AF12DEA003559D2 /* SwiftDataStore.swift */ = {isa = PBXFileReference; lastKnownFileType = sourcecode.swift; path = SwiftDataStore.swift; sourceTree = "<group>"; };
		979E23E22AF1A7A1003559D2 /* WidgetConfig.swift */ = {isa = PBXFileReference; lastKnownFileType = sourcecode.swift; path = WidgetConfig.swift; sourceTree = "<group>"; };
		979E23E62AF1BBB7003559D2 /* AddTodoItemButton.swift */ = {isa = PBXFileReference; lastKnownFileType = sourcecode.swift; path = AddTodoItemButton.swift; sourceTree = "<group>"; };
/* End PBXFileReference section */

/* Begin PBXFrameworksBuildPhase section */
		9754842C2AF45E6D00A09B11 /* Frameworks */ = {
			isa = PBXFrameworksBuildPhase;
			buildActionMask = 2147483647;
			files = (
			);
			runOnlyForDeploymentPostprocessing = 0;
		};
		979E239C2AF12679003559D2 /* Frameworks */ = {
			isa = PBXFrameworksBuildPhase;
			buildActionMask = 2147483647;
			files = (
			);
			runOnlyForDeploymentPostprocessing = 0;
		};
		979E23B32AF1290C003559D2 /* Frameworks */ = {
			isa = PBXFrameworksBuildPhase;
			buildActionMask = 2147483647;
			files = (
				979E23BB2AF1290D003559D2 /* SwiftUI.framework in Frameworks */,
				979E23B92AF1290D003559D2 /* WidgetKit.framework in Frameworks */,
			);
			runOnlyForDeploymentPostprocessing = 0;
		};
/* End PBXFrameworksBuildPhase section */

/* Begin PBXGroup section */
		975484082AF2FD8B00A09B11 /* Keyboard */ = {
			isa = PBXGroup;
			children = (
				9754840B2AF2FE9E00A09B11 /* CapsLockKey.swift */,
				975484132AF44B6100A09B11 /* DeleteKey.swift */,
				9754841F2AF455DE00A09B11 /* DoneKey.swift */,
				975484192AF44EFF00A09B11 /* EmojiModeKey.swift */,
				975484052AF27A2900A09B11 /* KeyboardLetterKey.swift */,
				975484162AF44DC400A09B11 /* NumberModeKey.swift */,
				9754841C2AF4529300A09B11 /* SpaceKey.swift */,
				975484032AF2787500A09B11 /* WidgetKeyboard.swift */,
			);
			path = Keyboard;
			sourceTree = "<group>";
		};
		975484092AF2FDBC00A09B11 /* Main */ = {
			isa = PBXGroup;
			children = (
				979E23E62AF1BBB7003559D2 /* AddTodoItemButton.swift */,
				9754844F2AF5A91700A09B11 /* TodoCompleteButton.swift */,
				9754844C2AF53F2B00A09B11 /* TodoListRow.swift */,
				979E23CF2AF12B22003559D2 /* MainView.swift */,
			);
			path = Main;
			sourceTree = "<group>";
		};
		975484222AF459A700A09B11 /* Models */ = {
			isa = PBXGroup;
			children = (
				975484382AF4614700A09B11 /* KeyboardInputManager.swift */,
				975484282AF45D4400A09B11 /* KeyboardInputMode.swift */,
				975484462AF5233900A09B11 /* ScreenManager.swift */,
				975484492AF52D1500A09B11 /* ScreenType.swift */,
			);
			path = Models;
			sourceTree = "<group>";
		};
		975484232AF459C100A09B11 /* DataStore */ = {
			isa = PBXGroup;
			children = (
				975484242AF459ED00A09B11 /* UserDefaultsStore */,
				979E23D32AF12DB0003559D2 /* SwiftData */,
			);
			path = DataStore;
			sourceTree = "<group>";
		};
		975484242AF459ED00A09B11 /* UserDefaultsStore */ = {
			isa = PBXGroup;
			children = (
				975484252AF45A0B00A09B11 /* UserDefaultsStore.swift */,
			);
			path = UserDefaultsStore;
			sourceTree = "<group>";
		};
		975484302AF45E6D00A09B11 /* UltimateWidgetTodoTests */ = {
			isa = PBXGroup;
			children = (
				975484312AF45E6D00A09B11 /* UserDefaultsStoreTests.swift */,
			);
			path = UltimateWidgetTodoTests;
			sourceTree = "<group>";
		};
		9754843B2AF4666400A09B11 /* WidgetBackground */ = {
			isa = PBXGroup;
			children = (
				9754843C2AF466A800A09B11 /* KeyboardOverlayBackgroundView.swift */,
				975484512AF8434600A09B11 /* WidgetBackgroundView.swift */,
			);
			path = WidgetBackground;
			sourceTree = "<group>";
		};
		9754843E2AF4D30800A09B11 /* AddTodoItem */ = {
			isa = PBXGroup;
			children = (
				975484012AF277B100A09B11 /* AddTodoItemView.swift */,
				975484422AF4DDEA00A09B11 /* CloseButton.swift */,
				9754843F2AF4D32200A09B11 /* InputForm.swift */,
			);
			path = AddTodoItem;
			sourceTree = "<group>";
		};
		975484552AF8E09300A09B11 /* Extensions */ = {
			isa = PBXGroup;
			children = (
				9754840E2AF445F100A09B11 /* Color+Extensions.swift */,
				975484562AF8E0AE00A09B11 /* LinerGradient+Extensions.swift */,
			);
			path = Extensions;
			sourceTree = "<group>";
		};
		979E23962AF12679003559D2 = {
			isa = PBXGroup;
			children = (
				979E23A12AF12679003559D2 /* UltimateWidgetTodo */,
				979E23BC2AF1290D003559D2 /* UltimateWidgetTodoWidget */,
				975484302AF45E6D00A09B11 /* UltimateWidgetTodoTests */,
				979E23B72AF1290D003559D2 /* Frameworks */,
				979E23A02AF12679003559D2 /* Products */,
			);
			sourceTree = "<group>";
		};
		979E23A02AF12679003559D2 /* Products */ = {
			isa = PBXGroup;
			children = (
				979E239F2AF12679003559D2 /* UltimateWidgetTodo.app */,
				979E23B62AF1290C003559D2 /* UltimateWidgetTodoWidgetExtension.appex */,
				9754842F2AF45E6D00A09B11 /* UltimateWidgetTodoTests.xctest */,
			);
			name = Products;
			sourceTree = "<group>";
		};
		979E23A12AF12679003559D2 /* UltimateWidgetTodo */ = {
			isa = PBXGroup;
			children = (
				979E23A22AF12679003559D2 /* UltimateWidgetTodoApp.swift */,
				979E23A42AF12679003559D2 /* ContentView.swift */,
				979E23AA2AF1267A003559D2 /* Preview Content */,
			);
			path = UltimateWidgetTodo;
			sourceTree = "<group>";
		};
		979E23AA2AF1267A003559D2 /* Preview Content */ = {
			isa = PBXGroup;
			children = (
				979E23AB2AF1267A003559D2 /* Preview Assets.xcassets */,
			);
			path = "Preview Content";
			sourceTree = "<group>";
		};
		979E23B72AF1290D003559D2 /* Frameworks */ = {
			isa = PBXGroup;
			children = (
				979E23B82AF1290D003559D2 /* WidgetKit.framework */,
				979E23BA2AF1290D003559D2 /* SwiftUI.framework */,
			);
			name = Frameworks;
			sourceTree = "<group>";
		};
		979E23BC2AF1290D003559D2 /* UltimateWidgetTodoWidget */ = {
			isa = PBXGroup;
			children = (
				975484232AF459C100A09B11 /* DataStore */,
				975484552AF8E09300A09B11 /* Extensions */,
				975484222AF459A700A09B11 /* Models */,
				979E23D22AF12D56003559D2 /* Views */,
				979E23D12AF12D1B003559D2 /* Widget */,
				979E23C12AF1290F003559D2 /* Assets.xcassets */,
				979E23C32AF1290F003559D2 /* Info.plist */,
			);
			path = UltimateWidgetTodoWidget;
			sourceTree = "<group>";
		};
		979E23D12AF12D1B003559D2 /* Widget */ = {
			isa = PBXGroup;
			children = (
				9754843B2AF4666400A09B11 /* WidgetBackground */,
				979E23CD2AF129FB003559D2 /* TodoItemEntry.swift */,
				979E23CB2AF1296E003559D2 /* TodoTaskProvider.swift */,
				979E23BD2AF1290D003559D2 /* UltimateWidgetTodoWidgetBundle.swift */,
				979E23BF2AF1290D003559D2 /* UltimateWidgetTodoWidget.swift */,
				979E23E22AF1A7A1003559D2 /* WidgetConfig.swift */,
			);
			path = Widget;
			sourceTree = "<group>";
		};
		979E23D22AF12D56003559D2 /* Views */ = {
			isa = PBXGroup;
			children = (
				975484092AF2FDBC00A09B11 /* Main */,
				9754843E2AF4D30800A09B11 /* AddTodoItem */,
				975484082AF2FD8B00A09B11 /* Keyboard */,
				975484532AF844B500A09B11 /* Line.swift */,
			);
			path = Views;
			sourceTree = "<group>";
		};
		979E23D32AF12DB0003559D2 /* SwiftData */ = {
			isa = PBXGroup;
			children = (
				979E23D42AF12DEA003559D2 /* SwiftDataStore.swift */,
				979E23A62AF12679003559D2 /* TodoItem.swift */,
			);
			path = SwiftData;
			sourceTree = "<group>";
		};
/* End PBXGroup section */

/* Begin PBXNativeTarget section */
		9754842E2AF45E6D00A09B11 /* UltimateWidgetTodoTests */ = {
			isa = PBXNativeTarget;
			buildConfigurationList = 975484352AF45E6D00A09B11 /* Build configuration list for PBXNativeTarget "UltimateWidgetTodoTests" */;
			buildPhases = (
				9754842B2AF45E6D00A09B11 /* Sources */,
				9754842C2AF45E6D00A09B11 /* Frameworks */,
				9754842D2AF45E6D00A09B11 /* Resources */,
			);
			buildRules = (
			);
			dependencies = (
				975484342AF45E6D00A09B11 /* PBXTargetDependency */,
			);
			name = UltimateWidgetTodoTests;
			productName = UltimateWidgetTodoTests;
			productReference = 9754842F2AF45E6D00A09B11 /* UltimateWidgetTodoTests.xctest */;
			productType = "com.apple.product-type.bundle.unit-test";
		};
		979E239E2AF12679003559D2 /* UltimateWidgetTodo */ = {
			isa = PBXNativeTarget;
			buildConfigurationList = 979E23AF2AF1267A003559D2 /* Build configuration list for PBXNativeTarget "UltimateWidgetTodo" */;
			buildPhases = (
				979E239B2AF12679003559D2 /* Sources */,
				979E239C2AF12679003559D2 /* Frameworks */,
				979E239D2AF12679003559D2 /* Resources */,
				979E23CA2AF1290F003559D2 /* Embed Foundation Extensions */,
			);
			buildRules = (
			);
			dependencies = (
				979E23C52AF1290F003559D2 /* PBXTargetDependency */,
			);
			name = UltimateWidgetTodo;
			productName = UltimateWidgetTodo;
			productReference = 979E239F2AF12679003559D2 /* UltimateWidgetTodo.app */;
			productType = "com.apple.product-type.application";
		};
		979E23B52AF1290C003559D2 /* UltimateWidgetTodoWidgetExtension */ = {
			isa = PBXNativeTarget;
			buildConfigurationList = 979E23C72AF1290F003559D2 /* Build configuration list for PBXNativeTarget "UltimateWidgetTodoWidgetExtension" */;
			buildPhases = (
				979E23B22AF1290C003559D2 /* Sources */,
				979E23B32AF1290C003559D2 /* Frameworks */,
				979E23B42AF1290C003559D2 /* Resources */,
			);
			buildRules = (
			);
			dependencies = (
			);
			name = UltimateWidgetTodoWidgetExtension;
			productName = UltimateWidgetTodoWidgetExtension;
			productReference = 979E23B62AF1290C003559D2 /* UltimateWidgetTodoWidgetExtension.appex */;
			productType = "com.apple.product-type.app-extension";
		};
/* End PBXNativeTarget section */

/* Begin PBXProject section */
		979E23972AF12679003559D2 /* Project object */ = {
			isa = PBXProject;
			attributes = {
				BuildIndependentTargetsInParallel = 1;
				LastSwiftUpdateCheck = 1500;
				LastUpgradeCheck = 1500;
				TargetAttributes = {
					9754842E2AF45E6D00A09B11 = {
						CreatedOnToolsVersion = 15.0.1;
						TestTargetID = 979E239E2AF12679003559D2;
					};
					979E239E2AF12679003559D2 = {
						CreatedOnToolsVersion = 15.0;
					};
					979E23B52AF1290C003559D2 = {
						CreatedOnToolsVersion = 15.0;
					};
				};
			};
			buildConfigurationList = 979E239A2AF12679003559D2 /* Build configuration list for PBXProject "UltimateWidgetTodo" */;
			compatibilityVersion = "Xcode 14.0";
			developmentRegion = en;
			hasScannedForEncodings = 0;
			knownRegions = (
				en,
				Base,
			);
			mainGroup = 979E23962AF12679003559D2;
			productRefGroup = 979E23A02AF12679003559D2 /* Products */;
			projectDirPath = "";
			projectRoot = "";
			targets = (
				979E239E2AF12679003559D2 /* UltimateWidgetTodo */,
				979E23B52AF1290C003559D2 /* UltimateWidgetTodoWidgetExtension */,
				9754842E2AF45E6D00A09B11 /* UltimateWidgetTodoTests */,
			);
		};
/* End PBXProject section */

/* Begin PBXResourcesBuildPhase section */
		9754842D2AF45E6D00A09B11 /* Resources */ = {
			isa = PBXResourcesBuildPhase;
			buildActionMask = 2147483647;
			files = (
			);
			runOnlyForDeploymentPostprocessing = 0;
		};
		979E239D2AF12679003559D2 /* Resources */ = {
			isa = PBXResourcesBuildPhase;
			buildActionMask = 2147483647;
			files = (
				979E23AC2AF1267A003559D2 /* Preview Assets.xcassets in Resources */,
				975484122AF4494300A09B11 /* Assets.xcassets in Resources */,
			);
			runOnlyForDeploymentPostprocessing = 0;
		};
		979E23B42AF1290C003559D2 /* Resources */ = {
			isa = PBXResourcesBuildPhase;
			buildActionMask = 2147483647;
			files = (
				979E23C22AF1290F003559D2 /* Assets.xcassets in Resources */,
			);
			runOnlyForDeploymentPostprocessing = 0;
		};
/* End PBXResourcesBuildPhase section */

/* Begin PBXSourcesBuildPhase section */
		9754842B2AF45E6D00A09B11 /* Sources */ = {
			isa = PBXSourcesBuildPhase;
			buildActionMask = 2147483647;
			files = (
				975484322AF45E6D00A09B11 /* UserDefaultsStoreTests.swift in Sources */,
			);
			runOnlyForDeploymentPostprocessing = 0;
		};
		979E239B2AF12679003559D2 /* Sources */ = {
			isa = PBXSourcesBuildPhase;
			buildActionMask = 2147483647;
			files = (
				975484392AF4614700A09B11 /* KeyboardInputManager.swift in Sources */,
				9754844B2AF52D2600A09B11 /* ScreenType.swift in Sources */,
				975484452AF4DEB600A09B11 /* WidgetConfig.swift in Sources */,
				975484262AF45A0B00A09B11 /* UserDefaultsStore.swift in Sources */,
				9754841D2AF4529300A09B11 /* SpaceKey.swift in Sources */,
				975484292AF45D4400A09B11 /* KeyboardInputMode.swift in Sources */,
				975484062AF27A2900A09B11 /* KeyboardLetterKey.swift in Sources */,
				9754840C2AF2FE9E00A09B11 /* CapsLockKey.swift in Sources */,
				975484442AF4DE1700A09B11 /* CloseButton.swift in Sources */,
				975484482AF5299200A09B11 /* ScreenManager.swift in Sources */,
				979E23DC2AF14510003559D2 /* TodoItem.swift in Sources */,
				9754841A2AF44EFF00A09B11 /* EmojiModeKey.swift in Sources */,
				979E23A52AF12679003559D2 /* ContentView.swift in Sources */,
				979E23A32AF12679003559D2 /* UltimateWidgetTodoApp.swift in Sources */,
				975484172AF44DC400A09B11 /* NumberModeKey.swift in Sources */,
				975484142AF44B6100A09B11 /* DeleteKey.swift in Sources */,
				979E23DB2AF1450D003559D2 /* SwiftDataStore.swift in Sources */,
				975484412AF4D34200A09B11 /* InputForm.swift in Sources */,
				975484202AF455DE00A09B11 /* DoneKey.swift in Sources */,
			);
			runOnlyForDeploymentPostprocessing = 0;
		};
		979E23B22AF1290C003559D2 /* Sources */ = {
			isa = PBXSourcesBuildPhase;
			buildActionMask = 2147483647;
			files = (
				9754840D2AF43D3A00A09B11 /* CapsLockKey.swift in Sources */,
				979E23E42AF1A7B1003559D2 /* WidgetConfig.swift in Sources */,
				9754842A2AF45D4400A09B11 /* KeyboardInputMode.swift in Sources */,
				9754843A2AF4614700A09B11 /* KeyboardInputManager.swift in Sources */,
				975484432AF4DDEA00A09B11 /* CloseButton.swift in Sources */,
				979E23C02AF1290D003559D2 /* UltimateWidgetTodoWidget.swift in Sources */,
				975484502AF5A91700A09B11 /* TodoCompleteButton.swift in Sources */,
				979E23CE2AF129FB003559D2 /* TodoItemEntry.swift in Sources */,
				975484402AF4D32200A09B11 /* InputForm.swift in Sources */,
				9754841B2AF44EFF00A09B11 /* EmojiModeKey.swift in Sources */,
				975484522AF8434600A09B11 /* WidgetBackgroundView.swift in Sources */,
				979E23E82AF1BBBA003559D2 /* AddTodoItemButton.swift in Sources */,
				975484272AF45A0B00A09B11 /* UserDefaultsStore.swift in Sources */,
				975484182AF44DC900A09B11 /* NumberModeKey.swift in Sources */,
				975484212AF455DE00A09B11 /* DoneKey.swift in Sources */,
				975484152AF44B6A00A09B11 /* DeleteKey.swift in Sources */,
				975484072AF27A2900A09B11 /* KeyboardLetterKey.swift in Sources */,
				979E23CC2AF1296E003559D2 /* TodoTaskProvider.swift in Sources */,
				9754844A2AF52D1500A09B11 /* ScreenType.swift in Sources */,
				975484022AF277B100A09B11 /* AddTodoItemView.swift in Sources */,
				9754844D2AF53F2B00A09B11 /* TodoListRow.swift in Sources */,
				975484542AF844B500A09B11 /* Line.swift in Sources */,
				979E23D62AF12FCB003559D2 /* TodoItem.swift in Sources */,
				9754841E2AF4529300A09B11 /* SpaceKey.swift in Sources */,
				975484572AF8E0AE00A09B11 /* LinerGradient+Extensions.swift in Sources */,
				979E23D92AF14281003559D2 /* MainView.swift in Sources */,
				975484042AF2787500A09B11 /* WidgetKeyboard.swift in Sources */,
				975484102AF445F100A09B11 /* Color+Extensions.swift in Sources */,
				979E23BE2AF1290D003559D2 /* UltimateWidgetTodoWidgetBundle.swift in Sources */,
				979E23D52AF12DEA003559D2 /* SwiftDataStore.swift in Sources */,
				9754843D2AF466A800A09B11 /* KeyboardOverlayBackgroundView.swift in Sources */,
				975484472AF5233900A09B11 /* ScreenManager.swift in Sources */,
			);
			runOnlyForDeploymentPostprocessing = 0;
		};
/* End PBXSourcesBuildPhase section */

/* Begin PBXTargetDependency section */
		975484342AF45E6D00A09B11 /* PBXTargetDependency */ = {
			isa = PBXTargetDependency;
			target = 979E239E2AF12679003559D2 /* UltimateWidgetTodo */;
			targetProxy = 975484332AF45E6D00A09B11 /* PBXContainerItemProxy */;
		};
		979E23C52AF1290F003559D2 /* PBXTargetDependency */ = {
			isa = PBXTargetDependency;
			target = 979E23B52AF1290C003559D2 /* UltimateWidgetTodoWidgetExtension */;
			targetProxy = 979E23C42AF1290F003559D2 /* PBXContainerItemProxy */;
		};
/* End PBXTargetDependency section */

/* Begin XCBuildConfiguration section */
		975484362AF45E6D00A09B11 /* Debug */ = {
			isa = XCBuildConfiguration;
			buildSettings = {
				BUNDLE_LOADER = "$(TEST_HOST)";
				CODE_SIGN_STYLE = Automatic;
				CURRENT_PROJECT_VERSION = 1;
				DEVELOPMENT_TEAM = 2V4975L824;
				GENERATE_INFOPLIST_FILE = YES;
				MARKETING_VERSION = 1.0;
				PRODUCT_BUNDLE_IDENTIFIER = jp.co.lilossa.UltimateWidgetTodoTests;
				PRODUCT_NAME = "$(TARGET_NAME)";
				SWIFT_EMIT_LOC_STRINGS = NO;
				SWIFT_VERSION = 5.0;
				TARGETED_DEVICE_FAMILY = "1,2";
				TEST_HOST = "$(BUILT_PRODUCTS_DIR)/UltimateWidgetTodo.app/$(BUNDLE_EXECUTABLE_FOLDER_PATH)/UltimateWidgetTodo";
			};
			name = Debug;
		};
		975484372AF45E6D00A09B11 /* Release */ = {
			isa = XCBuildConfiguration;
			buildSettings = {
				BUNDLE_LOADER = "$(TEST_HOST)";
				CODE_SIGN_STYLE = Automatic;
				CURRENT_PROJECT_VERSION = 1;
				DEVELOPMENT_TEAM = 2V4975L824;
				GENERATE_INFOPLIST_FILE = YES;
				MARKETING_VERSION = 1.0;
				PRODUCT_BUNDLE_IDENTIFIER = jp.co.lilossa.UltimateWidgetTodoTests;
				PRODUCT_NAME = "$(TARGET_NAME)";
				SWIFT_EMIT_LOC_STRINGS = NO;
				SWIFT_VERSION = 5.0;
				TARGETED_DEVICE_FAMILY = "1,2";
				TEST_HOST = "$(BUILT_PRODUCTS_DIR)/UltimateWidgetTodo.app/$(BUNDLE_EXECUTABLE_FOLDER_PATH)/UltimateWidgetTodo";
			};
			name = Release;
		};
		979E23AD2AF1267A003559D2 /* Debug */ = {
			isa = XCBuildConfiguration;
			buildSettings = {
				ALWAYS_SEARCH_USER_PATHS = NO;
				ASSETCATALOG_COMPILER_GENERATE_SWIFT_ASSET_SYMBOL_EXTENSIONS = YES;
				CLANG_ANALYZER_NONNULL = YES;
				CLANG_ANALYZER_NUMBER_OBJECT_CONVERSION = YES_AGGRESSIVE;
				CLANG_CXX_LANGUAGE_STANDARD = "gnu++20";
				CLANG_ENABLE_MODULES = YES;
				CLANG_ENABLE_OBJC_ARC = YES;
				CLANG_ENABLE_OBJC_WEAK = YES;
				CLANG_WARN_BLOCK_CAPTURE_AUTORELEASING = YES;
				CLANG_WARN_BOOL_CONVERSION = YES;
				CLANG_WARN_COMMA = YES;
				CLANG_WARN_CONSTANT_CONVERSION = YES;
				CLANG_WARN_DEPRECATED_OBJC_IMPLEMENTATIONS = YES;
				CLANG_WARN_DIRECT_OBJC_ISA_USAGE = YES_ERROR;
				CLANG_WARN_DOCUMENTATION_COMMENTS = YES;
				CLANG_WARN_EMPTY_BODY = YES;
				CLANG_WARN_ENUM_CONVERSION = YES;
				CLANG_WARN_INFINITE_RECURSION = YES;
				CLANG_WARN_INT_CONVERSION = YES;
				CLANG_WARN_NON_LITERAL_NULL_CONVERSION = YES;
				CLANG_WARN_OBJC_IMPLICIT_RETAIN_SELF = YES;
				CLANG_WARN_OBJC_LITERAL_CONVERSION = YES;
				CLANG_WARN_OBJC_ROOT_CLASS = YES_ERROR;
				CLANG_WARN_QUOTED_INCLUDE_IN_FRAMEWORK_HEADER = YES;
				CLANG_WARN_RANGE_LOOP_ANALYSIS = YES;
				CLANG_WARN_STRICT_PROTOTYPES = YES;
				CLANG_WARN_SUSPICIOUS_MOVE = YES;
				CLANG_WARN_UNGUARDED_AVAILABILITY = YES_AGGRESSIVE;
				CLANG_WARN_UNREACHABLE_CODE = YES;
				CLANG_WARN__DUPLICATE_METHOD_MATCH = YES;
				COPY_PHASE_STRIP = NO;
				DEBUG_INFORMATION_FORMAT = dwarf;
				ENABLE_STRICT_OBJC_MSGSEND = YES;
				ENABLE_TESTABILITY = YES;
				ENABLE_USER_SCRIPT_SANDBOXING = YES;
				GCC_C_LANGUAGE_STANDARD = gnu17;
				GCC_DYNAMIC_NO_PIC = NO;
				GCC_NO_COMMON_BLOCKS = YES;
				GCC_OPTIMIZATION_LEVEL = 0;
				GCC_PREPROCESSOR_DEFINITIONS = (
					"DEBUG=1",
					"$(inherited)",
				);
				GCC_WARN_64_TO_32_BIT_CONVERSION = YES;
				GCC_WARN_ABOUT_RETURN_TYPE = YES_ERROR;
				GCC_WARN_UNDECLARED_SELECTOR = YES;
				GCC_WARN_UNINITIALIZED_AUTOS = YES_AGGRESSIVE;
				GCC_WARN_UNUSED_FUNCTION = YES;
				GCC_WARN_UNUSED_VARIABLE = YES;
				IPHONEOS_DEPLOYMENT_TARGET = 17.0;
				LOCALIZATION_PREFERS_STRING_CATALOGS = YES;
				MTL_ENABLE_DEBUG_INFO = INCLUDE_SOURCE;
				MTL_FAST_MATH = YES;
				ONLY_ACTIVE_ARCH = YES;
				SDKROOT = iphoneos;
				SWIFT_ACTIVE_COMPILATION_CONDITIONS = "DEBUG $(inherited)";
				SWIFT_OPTIMIZATION_LEVEL = "-Onone";
			};
			name = Debug;
		};
		979E23AE2AF1267A003559D2 /* Release */ = {
			isa = XCBuildConfiguration;
			buildSettings = {
				ALWAYS_SEARCH_USER_PATHS = NO;
				ASSETCATALOG_COMPILER_GENERATE_SWIFT_ASSET_SYMBOL_EXTENSIONS = YES;
				CLANG_ANALYZER_NONNULL = YES;
				CLANG_ANALYZER_NUMBER_OBJECT_CONVERSION = YES_AGGRESSIVE;
				CLANG_CXX_LANGUAGE_STANDARD = "gnu++20";
				CLANG_ENABLE_MODULES = YES;
				CLANG_ENABLE_OBJC_ARC = YES;
				CLANG_ENABLE_OBJC_WEAK = YES;
				CLANG_WARN_BLOCK_CAPTURE_AUTORELEASING = YES;
				CLANG_WARN_BOOL_CONVERSION = YES;
				CLANG_WARN_COMMA = YES;
				CLANG_WARN_CONSTANT_CONVERSION = YES;
				CLANG_WARN_DEPRECATED_OBJC_IMPLEMENTATIONS = YES;
				CLANG_WARN_DIRECT_OBJC_ISA_USAGE = YES_ERROR;
				CLANG_WARN_DOCUMENTATION_COMMENTS = YES;
				CLANG_WARN_EMPTY_BODY = YES;
				CLANG_WARN_ENUM_CONVERSION = YES;
				CLANG_WARN_INFINITE_RECURSION = YES;
				CLANG_WARN_INT_CONVERSION = YES;
				CLANG_WARN_NON_LITERAL_NULL_CONVERSION = YES;
				CLANG_WARN_OBJC_IMPLICIT_RETAIN_SELF = YES;
				CLANG_WARN_OBJC_LITERAL_CONVERSION = YES;
				CLANG_WARN_OBJC_ROOT_CLASS = YES_ERROR;
				CLANG_WARN_QUOTED_INCLUDE_IN_FRAMEWORK_HEADER = YES;
				CLANG_WARN_RANGE_LOOP_ANALYSIS = YES;
				CLANG_WARN_STRICT_PROTOTYPES = YES;
				CLANG_WARN_SUSPICIOUS_MOVE = YES;
				CLANG_WARN_UNGUARDED_AVAILABILITY = YES_AGGRESSIVE;
				CLANG_WARN_UNREACHABLE_CODE = YES;
				CLANG_WARN__DUPLICATE_METHOD_MATCH = YES;
				COPY_PHASE_STRIP = NO;
				DEBUG_INFORMATION_FORMAT = "dwarf-with-dsym";
				ENABLE_NS_ASSERTIONS = NO;
				ENABLE_STRICT_OBJC_MSGSEND = YES;
				ENABLE_USER_SCRIPT_SANDBOXING = YES;
				GCC_C_LANGUAGE_STANDARD = gnu17;
				GCC_NO_COMMON_BLOCKS = YES;
				GCC_WARN_64_TO_32_BIT_CONVERSION = YES;
				GCC_WARN_ABOUT_RETURN_TYPE = YES_ERROR;
				GCC_WARN_UNDECLARED_SELECTOR = YES;
				GCC_WARN_UNINITIALIZED_AUTOS = YES_AGGRESSIVE;
				GCC_WARN_UNUSED_FUNCTION = YES;
				GCC_WARN_UNUSED_VARIABLE = YES;
				IPHONEOS_DEPLOYMENT_TARGET = 17.0;
				LOCALIZATION_PREFERS_STRING_CATALOGS = YES;
				MTL_ENABLE_DEBUG_INFO = NO;
				MTL_FAST_MATH = YES;
				SDKROOT = iphoneos;
				SWIFT_COMPILATION_MODE = wholemodule;
				VALIDATE_PRODUCT = YES;
			};
			name = Release;
		};
		979E23B02AF1267A003559D2 /* Debug */ = {
			isa = XCBuildConfiguration;
			buildSettings = {
				ALWAYS_EMBED_SWIFT_STANDARD_LIBRARIES = YES;
				ASSETCATALOG_COMPILER_APPICON_NAME = AppIcon;
				ASSETCATALOG_COMPILER_GLOBAL_ACCENT_COLOR_NAME = AccentColor;
				CODE_SIGN_STYLE = Automatic;
				CURRENT_PROJECT_VERSION = 1;
				DEVELOPMENT_ASSET_PATHS = "\"UltimateWidgetTodo/Preview Content\"";
				DEVELOPMENT_TEAM = 2V4975L824;
				ENABLE_PREVIEWS = YES;
				GENERATE_INFOPLIST_FILE = YES;
				INFOPLIST_KEY_UIApplicationSceneManifest_Generation = YES;
				INFOPLIST_KEY_UIApplicationSupportsIndirectInputEvents = YES;
				INFOPLIST_KEY_UILaunchScreen_Generation = YES;
				INFOPLIST_KEY_UISupportedInterfaceOrientations_iPad = "UIInterfaceOrientationPortrait UIInterfaceOrientationPortraitUpsideDown UIInterfaceOrientationLandscapeLeft UIInterfaceOrientationLandscapeRight";
				INFOPLIST_KEY_UISupportedInterfaceOrientations_iPhone = "UIInterfaceOrientationPortrait UIInterfaceOrientationLandscapeLeft UIInterfaceOrientationLandscapeRight";
				LD_RUNPATH_SEARCH_PATHS = (
					"$(inherited)",
					"@executable_path/Frameworks",
				);
				MARKETING_VERSION = 1.0;
				PRODUCT_BUNDLE_IDENTIFIER = jp.co.lilossa.UltimateWidgetTodo;
				PRODUCT_NAME = "$(TARGET_NAME)";
				SWIFT_EMIT_LOC_STRINGS = YES;
				SWIFT_VERSION = 5.0;
				TARGETED_DEVICE_FAMILY = "1,2";
			};
			name = Debug;
		};
		979E23B12AF1267A003559D2 /* Release */ = {
			isa = XCBuildConfiguration;
			buildSettings = {
				ALWAYS_EMBED_SWIFT_STANDARD_LIBRARIES = YES;
				ASSETCATALOG_COMPILER_APPICON_NAME = AppIcon;
				ASSETCATALOG_COMPILER_GLOBAL_ACCENT_COLOR_NAME = AccentColor;
				CODE_SIGN_STYLE = Automatic;
				CURRENT_PROJECT_VERSION = 1;
				DEVELOPMENT_ASSET_PATHS = "\"UltimateWidgetTodo/Preview Content\"";
				DEVELOPMENT_TEAM = 2V4975L824;
				ENABLE_PREVIEWS = YES;
				GENERATE_INFOPLIST_FILE = YES;
				INFOPLIST_KEY_UIApplicationSceneManifest_Generation = YES;
				INFOPLIST_KEY_UIApplicationSupportsIndirectInputEvents = YES;
				INFOPLIST_KEY_UILaunchScreen_Generation = YES;
				INFOPLIST_KEY_UISupportedInterfaceOrientations_iPad = "UIInterfaceOrientationPortrait UIInterfaceOrientationPortraitUpsideDown UIInterfaceOrientationLandscapeLeft UIInterfaceOrientationLandscapeRight";
				INFOPLIST_KEY_UISupportedInterfaceOrientations_iPhone = "UIInterfaceOrientationPortrait UIInterfaceOrientationLandscapeLeft UIInterfaceOrientationLandscapeRight";
				LD_RUNPATH_SEARCH_PATHS = (
					"$(inherited)",
					"@executable_path/Frameworks",
				);
				MARKETING_VERSION = 1.0;
				PRODUCT_BUNDLE_IDENTIFIER = jp.co.lilossa.UltimateWidgetTodo;
				PRODUCT_NAME = "$(TARGET_NAME)";
				SWIFT_EMIT_LOC_STRINGS = YES;
				SWIFT_VERSION = 5.0;
				TARGETED_DEVICE_FAMILY = "1,2";
			};
			name = Release;
		};
		979E23C82AF1290F003559D2 /* Debug */ = {
			isa = XCBuildConfiguration;
			buildSettings = {
				ASSETCATALOG_COMPILER_GLOBAL_ACCENT_COLOR_NAME = AccentColor;
				ASSETCATALOG_COMPILER_WIDGET_BACKGROUND_COLOR_NAME = WidgetBackground;
				CODE_SIGN_STYLE = Automatic;
				CURRENT_PROJECT_VERSION = 1;
				DEVELOPMENT_TEAM = 2V4975L824;
				GENERATE_INFOPLIST_FILE = YES;
				INFOPLIST_FILE = UltimateWidgetTodoWidget/Info.plist;
				INFOPLIST_KEY_CFBundleDisplayName = UltimateWidgetTodoWidget;
				INFOPLIST_KEY_NSHumanReadableCopyright = "";
				LD_RUNPATH_SEARCH_PATHS = (
					"$(inherited)",
					"@executable_path/Frameworks",
					"@executable_path/../../Frameworks",
				);
				MARKETING_VERSION = 1.0;
				PRODUCT_BUNDLE_IDENTIFIER = jp.co.lilossa.UltimateWidgetTodo.UltimateWidgetTodoWidget;
				PRODUCT_NAME = "$(TARGET_NAME)";
				SKIP_INSTALL = YES;
				SWIFT_EMIT_LOC_STRINGS = YES;
				SWIFT_VERSION = 5.0;
				TARGETED_DEVICE_FAMILY = "1,2";
			};
			name = Debug;
		};
		979E23C92AF1290F003559D2 /* Release */ = {
			isa = XCBuildConfiguration;
			buildSettings = {
				ASSETCATALOG_COMPILER_GLOBAL_ACCENT_COLOR_NAME = AccentColor;
				ASSETCATALOG_COMPILER_WIDGET_BACKGROUND_COLOR_NAME = WidgetBackground;
				CODE_SIGN_STYLE = Automatic;
				CURRENT_PROJECT_VERSION = 1;
				DEVELOPMENT_TEAM = 2V4975L824;
				GENERATE_INFOPLIST_FILE = YES;
				INFOPLIST_FILE = UltimateWidgetTodoWidget/Info.plist;
				INFOPLIST_KEY_CFBundleDisplayName = UltimateWidgetTodoWidget;
				INFOPLIST_KEY_NSHumanReadableCopyright = "";
				LD_RUNPATH_SEARCH_PATHS = (
					"$(inherited)",
					"@executable_path/Frameworks",
					"@executable_path/../../Frameworks",
				);
				MARKETING_VERSION = 1.0;
				PRODUCT_BUNDLE_IDENTIFIER = jp.co.lilossa.UltimateWidgetTodo.UltimateWidgetTodoWidget;
				PRODUCT_NAME = "$(TARGET_NAME)";
				SKIP_INSTALL = YES;
				SWIFT_EMIT_LOC_STRINGS = YES;
				SWIFT_VERSION = 5.0;
				TARGETED_DEVICE_FAMILY = "1,2";
			};
			name = Release;
		};
/* End XCBuildConfiguration section */

/* Begin XCConfigurationList section */
		975484352AF45E6D00A09B11 /* Build configuration list for PBXNativeTarget "UltimateWidgetTodoTests" */ = {
			isa = XCConfigurationList;
			buildConfigurations = (
				975484362AF45E6D00A09B11 /* Debug */,
				975484372AF45E6D00A09B11 /* Release */,
			);
			defaultConfigurationIsVisible = 0;
			defaultConfigurationName = Release;
		};
		979E239A2AF12679003559D2 /* Build configuration list for PBXProject "UltimateWidgetTodo" */ = {
			isa = XCConfigurationList;
			buildConfigurations = (
				979E23AD2AF1267A003559D2 /* Debug */,
				979E23AE2AF1267A003559D2 /* Release */,
			);
			defaultConfigurationIsVisible = 0;
			defaultConfigurationName = Release;
		};
		979E23AF2AF1267A003559D2 /* Build configuration list for PBXNativeTarget "UltimateWidgetTodo" */ = {
			isa = XCConfigurationList;
			buildConfigurations = (
				979E23B02AF1267A003559D2 /* Debug */,
				979E23B12AF1267A003559D2 /* Release */,
			);
			defaultConfigurationIsVisible = 0;
			defaultConfigurationName = Release;
		};
		979E23C72AF1290F003559D2 /* Build configuration list for PBXNativeTarget "UltimateWidgetTodoWidgetExtension" */ = {
			isa = XCConfigurationList;
			buildConfigurations = (
				979E23C82AF1290F003559D2 /* Debug */,
				979E23C92AF1290F003559D2 /* Release */,
			);
			defaultConfigurationIsVisible = 0;
			defaultConfigurationName = Release;
		};
/* End XCConfigurationList section */
	};
	rootObject = 979E23972AF12679003559D2 /* Project object */;
}
